
Microsoft Visual Studio Solution File, Format Version 12.00
Project("{FAE04EC0-301F-11D3-BF4B-00C04F79EFBC}") = "SQLGit", "SQLGit\SQLGit.csproj", "{7B016C9B-9DF7-4E2C-9EA0-ECEC3B4B2610}"
EndProject
Project("{FAE04EC0-301F-11D3-BF4B-00C04F79EFBC}") = "SQLGit.Patterns", "SQLGit.Patterns\SQLGit.Patterns.csproj", "{4FA54361-924D-4DBB-8D79-8BAC0960334C}"
EndProject
Global
	GlobalSection(SolutionConfigurationPlatforms) = preSolution
		Debug|Any CPU = Debug|Any CPU
		Release|Any CPU = Release|Any CPU
	EndGlobalSection
	GlobalSection(ProjectConfigurationPlatforms) = postSolution
		{7B016C9B-9DF7-4E2C-9EA0-ECEC3B4B2610}.Debug|Any CPU.ActiveCfg = Debug|Any CPU
		{7B016C9B-9DF7-4E2C-9EA0-ECEC3B4B2610}.Debug|Any CPU.Build.0 = Debug|Any CPU
		{7B016C9B-9DF7-4E2C-9EA0-ECEC3B4B2610}.Release|Any CPU.ActiveCfg = Release|Any CPU
		{7B016C9B-9DF7-4E2C-9EA0-ECEC3B4B2610}.Release|Any CPU.Build.0 = Release|Any CPU
		{4FA54361-924D-4DBB-8D79-8BAC0960334C}.Debug|Any CPU.ActiveCfg = Debug|Any CPU
		{4FA54361-924D-4DBB-8D79-8BAC0960334C}.Debug|Any CPU.Build.0 = Debug|Any CPU
		{4FA54361-924D-4DBB-8D79-8BAC0960334C}.Release|Any CPU.ActiveCfg = Release|Any CPU
		{4FA54361-924D-4DBB-8D79-8BAC0960334C}.Release|Any CPU.Build.0 = Release|Any CPU
	EndGlobalSection
EndGlobal
